<Solution>
  <Folder Name="/src/" />
  <Folder Name="/src/services/">
    <Project Path="src/services/Booking/Booking.csproj" />
    <Project Path="src/services/Catalog/Catalog.csproj" />
  </Folder>
  <Folder Name="/src/shared/">
    <Project Path="src/shared/Contracts/Contracts.csproj" />
  </Folder>
</Solution>
